{
  "name": "test-sensitive-words",
  "version": "1.0.0",
  "lockfileVersion": 1,
  "requires": true,
  "dependencies": {
    "chez-sensitive-words": {
      "version": "1.0.1",
      "resolved": "https://registry.npmjs.org/chez-sensitive-words/-/chez-sensitive-words-1.0.1.tgz",
      "integrity": "sha512-7j3FDGKl/wP/R0IEeVTnewHko4p6a2pwWLm3q3fq9/26O+tf7KQSik6a6RNl/cpFh3u8RHbaJc5bl+LTkR5gvw=="
    }
  }
}
